// !$*UTF8*$!
{
	archiveVersion = 1;
	classes = {
	};
	objectVersion = 50;
	objects = {

/* Begin PBXBuildFile section */
		9C6DDD95255CB8FF00D09E71 /* AppDelegate.swift in Sources */ = {isa = PBXBuildFile; fileRef = 9C6DDD94255CB8FF00D09E71 /* AppDelegate.swift */; };
		9C6DDD97255CB8FF00D09E71 /* SceneDelegate.swift in Sources */ = {isa = PBXBuildFile; fileRef = 9C6DDD96255CB8FF00D09E71 /* SceneDelegate.swift */; };
		9C6DDD99255CB8FF00D09E71 /* ViewController.swift in Sources */ = {isa = PBXBuildFile; fileRef = 9C6DDD98255CB8FF00D09E71 /* ViewController.swift */; };
		9C6DDD9C255CB8FF00D09E71 /* Main.storyboard in Resources */ = {isa = PBXBuildFile; fileRef = 9C6DDD9A255CB8FF00D09E71 /* Main.storyboard */; };
		9C6DDD9E255CB90300D09E71 /* Assets.xcassets in Resources */ = {isa = PBXBuildFile; fileRef = 9C6DDD9D255CB90300D09E71 /* Assets.xcassets */; };
		9C6DDDA1255CB90300D09E71 /* LaunchScreen.storyboard in Resources */ = {isa = PBXBuildFile; fileRef = 9C6DDD9F255CB90300D09E71 /* LaunchScreen.storyboard */; };
		9C6DDDAC255CB90400D09E71 /* _02_Gacha_testTests.swift in Sources */ = {isa = PBXBuildFile; fileRef = 9C6DDDAB255CB90400D09E71 /* _02_Gacha_testTests.swift */; };
		9C6DDDB7255CB90400D09E71 /* _02_Gacha_testUITests.swift in Sources */ = {isa = PBXBuildFile; fileRef = 9C6DDDB6255CB90400D09E71 /* _02_Gacha_testUITests.swift */; };
/* End PBXBuildFile section */

/* Begin PBXContainerItemProxy section */
		9C6DDDA8255CB90400D09E71 /* PBXContainerItemProxy */ = {
			isa = PBXContainerItemProxy;
			containerPortal = 9C6DDD89255CB8FF00D09E71 /* Project object */;
			proxyType = 1;
			remoteGlobalIDString = 9C6DDD90255CB8FF00D09E71;
			remoteInfo = 002_Gacha_test;
		};
		9C6DDDB3255CB90400D09E71 /* PBXContainerItemProxy */ = {
			isa = PBXContainerItemProxy;
			containerPortal = 9C6DDD89255CB8FF00D09E71 /* Project object */;
			proxyType = 1;
			remoteGlobalIDString = 9C6DDD90255CB8FF00D09E71;
			remoteInfo = 002_Gacha_test;
		};
/* End PBXContainerItemProxy section */

/* Begin PBXFileReference section */
		9C6DDD91255CB8FF00D09E71 /* 002_Gacha_test.app */ = {isa = PBXFileReference; explicitFileType = wrapper.application; includeInIndex = 0; path = 002_Gacha_test.app; sourceTree = BUILT_PRODUCTS_DIR; };
		9C6DDD94255CB8FF00D09E71 /* AppDelegate.swift */ = {isa = PBXFileReference; lastKnownFileType = sourcecode.swift; path = AppDelegate.swift; sourceTree = "<group>"; };
		9C6DDD96255CB8FF00D09E71 /* SceneDelegate.swift */ = {isa = PBXFileReference; lastKnownFileType = sourcecode.swift; path = SceneDelegate.swift; sourceTree = "<group>"; };
		9C6DDD98255CB8FF00D09E71 /* ViewController.swift */ = {isa = PBXFileReference; lastKnownFileType = sourcecode.swift; path = ViewController.swift; sourceTree = "<group>"; };
		9C6DDD9B255CB8FF00D09E71 /* Base */ = {isa = PBXFileReference; lastKnownFileType = file.storyboard; name = Base; path = Base.lproj/Main.storyboard; sourceTree = "<group>"; };
		9C6DDD9D255CB90300D09E71 /* Assets.xcassets */ = {isa = PBXFileReference; lastKnownFileType = folder.assetcatalog; path = Assets.xcassets; sourceTree = "<group>"; };
		9C6DDDA0255CB90300D09E71 /* Base */ = {isa = PBXFileReference; lastKnownFileType = file.storyboard; name = Base; path = Base.lproj/LaunchScreen.storyboard; sourceTree = "<group>"; };
		9C6DDDA2255CB90300D09E71 /* Info.plist */ = {isa = PBXFileReference; lastKnownFileType = text.plist.xml; path = Info.plist; sourceTree = "<group>"; };
		9C6DDDA7255CB90400D09E71 /* 002_Gacha_testTests.xctest */ = {isa = PBXFileReference; explicitFileType = wrapper.cfbundle; includeInIndex = 0; path = 002_Gacha_testTests.xctest; sourceTree = BUILT_PRODUCTS_DIR; };
		9C6DDDAB255CB90400D09E71 /* _02_Gacha_testTests.swift */ = {isa = PBXFileReference; lastKnownFileType = sourcecode.swift; path = _02_Gacha_testTests.swift; sourceTree = "<group>"; };
		9C6DDDAD255CB90400D09E71 /* Info.plist */ = {isa = PBXFileReference; lastKnownFileType = text.plist.xml; path = Info.plist; sourceTree = "<group>"; };
		9C6DDDB2255CB90400D09E71 /* 002_Gacha_testUITests.xctest */ = {isa = PBXFileReference; explicitFileType = wrapper.cfbundle; includeInIndex = 0; path = 002_Gacha_testUITests.xctest; sourceTree = BUILT_PRODUCTS_DIR; };
		9C6DDDB6255CB90400D09E71 /* _02_Gacha_testUITests.swift */ = {isa = PBXFileReference; lastKnownFileType = sourcecode.swift; path = _02_Gacha_testUITests.swift; sourceTree = "<group>"; };
		9C6DDDB8255CB90400D09E71 /* Info.plist */ = {isa = PBXFileReference; lastKnownFileType = text.plist.xml; path = Info.plist; sourceTree = "<group>"; };
/* End PBXFileReference section */

/* Begin PBXFrameworksBuildPhase section */
		9C6DDD8E255CB8FF00D09E71 /* Frameworks */ = {
			isa = PBXFrameworksBuildPhase;
			buildActionMask = 2147483647;
			files = (
			);
			runOnlyForDeploymentPostprocessing = 0;
		};
		9C6DDDA4255CB90400D09E71 /* Frameworks */ = {
			isa = PBXFrameworksBuildPhase;
			buildActionMask = 2147483647;
			files = (
			);
			runOnlyForDeploymentPostprocessing = 0;
		};
		9C6DDDAF255CB90400D09E71 /* Frameworks */ = {
			isa = PBXFrameworksBuildPhase;
			buildActionMask = 2147483647;
			files = (
			);
			runOnlyForDeploymentPostprocessing = 0;
		};
/* End PBXFrameworksBuildPhase section */

/* Begin PBXGroup section */
		9C6DDD88255CB8FF00D09E71 = {
			isa = PBXGroup;
			children = (
				9C6DDD93255CB8FF00D09E71 /* 002_Gacha_test */,
				9C6DDDAA255CB90400D09E71 /* 002_Gacha_testTests */,
				9C6DDDB5255CB90400D09E71 /* 002_Gacha_testUITests */,
				9C6DDD92255CB8FF00D09E71 /* Products */,
			);
			sourceTree = "<group>";
		};
		9C6DDD92255CB8FF00D09E71 /* Products */ = {
			isa = PBXGroup;
			children = (
				9C6DDD91255CB8FF00D09E71 /* 002_Gacha_test.app */,
				9C6DDDA7255CB90400D09E71 /* 002_Gacha_testTests.xctest */,
				9C6DDDB2255CB90400D09E71 /* 002_Gacha_testUITests.xctest */,
			);
			name = Products;
			sourceTree = "<group>";
		};
		9C6DDD93255CB8FF00D09E71 /* 002_Gacha_test */ = {
			isa = PBXGroup;
			children = (
				9C6DDD94255CB8FF00D09E71 /* AppDelegate.swift */,
				9C6DDD96255CB8FF00D09E71 /* SceneDelegate.swift */,
				9C6DDD98255CB8FF00D09E71 /* ViewController.swift */,
				9C6DDD9A255CB8FF00D09E71 /* Main.storyboard */,
				9C6DDD9D255CB90300D09E71 /* Assets.xcassets */,
				9C6DDD9F255CB90300D09E71 /* LaunchScreen.storyboard */,
				9C6DDDA2255CB90300D09E71 /* Info.plist */,
			);
			path = 002_Gacha_test;
			sourceTree = "<group>";
		};
		9C6DDDAA255CB90400D09E71 /* 002_Gacha_testTests */ = {
			isa = PBXGroup;
			children = (
				9C6DDDAB255CB90400D09E71 /* _02_Gacha_testTests.swift */,
				9C6DDDAD255CB90400D09E71 /* Info.plist */,
			);
			path = 002_Gacha_testTests;
			sourceTree = "<group>";
		};
		9C6DDDB5255CB90400D09E71 /* 002_Gacha_testUITests */ = {
			isa = PBXGroup;
			children = (
				9C6DDDB6255CB90400D09E71 /* _02_Gacha_testUITests.swift */,
				9C6DDDB8255CB90400D09E71 /* Info.plist */,
			);
			path = 002_Gacha_testUITests;
			sourceTree = "<group>";
		};
/* End PBXGroup section */

/* Begin PBXNativeTarget section */
		9C6DDD90255CB8FF00D09E71 /* 002_Gacha_test */ = {
			isa = PBXNativeTarget;
			buildConfigurationList = 9C6DDDBB255CB90400D09E71 /* Build configuration list for PBXNativeTarget "002_Gacha_test" */;
			buildPhases = (
				9C6DDD8D255CB8FF00D09E71 /* Sources */,
				9C6DDD8E255CB8FF00D09E71 /* Frameworks */,
				9C6DDD8F255CB8FF00D09E71 /* Resources */,
			);
			buildRules = (
			);
			dependencies = (
			);
			name = 002_Gacha_test;
			productName = 002_Gacha_test;
			productReference = 9C6DDD91255CB8FF00D09E71 /* 002_Gacha_test.app */;
			productType = "com.apple.product-type.application";
		};
		9C6DDDA6255CB90400D09E71 /* 002_Gacha_testTests */ = {
			isa = PBXNativeTarget;
			buildConfigurationList = 9C6DDDBE255CB90400D09E71 /* Build configuration list for PBXNativeTarget "002_Gacha_testTests" */;
			buildPhases = (
				9C6DDDA3255CB90400D09E71 /* Sources */,
				9C6DDDA4255CB90400D09E71 /* Frameworks */,
				9C6DDDA5255CB90400D09E71 /* Resources */,
			);
			buildRules = (
			);
			dependencies = (
				9C6DDDA9255CB90400D09E71 /* PBXTargetDependency */,
			);
			name = 002_Gacha_testTests;
			productName = 002_Gacha_testTests;
			productReference = 9C6DDDA7255CB90400D09E71 /* 002_Gacha_testTests.xctest */;
			productType = "com.apple.product-type.bundle.unit-test";
		};
		9C6DDDB1255CB90400D09E71 /* 002_Gacha_testUITests */ = {
			isa = PBXNativeTarget;
			buildConfigurationList = 9C6DDDC1255CB90400D09E71 /* Build configuration list for PBXNativeTarget "002_Gacha_testUITests" */;
			buildPhases = (
				9C6DDDAE255CB90400D09E71 /* Sources */,
				9C6DDDAF255CB90400D09E71 /* Frameworks */,
				9C6DDDB0255CB90400D09E71 /* Resources */,
			);
			buildRules = (
			);
			dependencies = (
				9C6DDDB4255CB90400D09E71 /* PBXTargetDependency */,
			);
			name = 002_Gacha_testUITests;
			productName = 002_Gacha_testUITests;
			productReference = 9C6DDDB2255CB90400D09E71 /* 002_Gacha_testUITests.xctest */;
			productType = "com.apple.product-type.bundle.ui-testing";
		};
/* End PBXNativeTarget section */

/* Begin PBXProject section */
		9C6DDD89255CB8FF00D09E71 /* Project object */ = {
			isa = PBXProject;
			attributes = {
				LastSwiftUpdateCheck = 1210;
				LastUpgradeCheck = 1210;
				TargetAttributes = {
					9C6DDD90255CB8FF00D09E71 = {
						CreatedOnToolsVersion = 12.1;
					};
					9C6DDDA6255CB90400D09E71 = {
						CreatedOnToolsVersion = 12.1;
						TestTargetID = 9C6DDD90255CB8FF00D09E71;
					};
					9C6DDDB1255CB90400D09E71 = {
						CreatedOnToolsVersion = 12.1;
						TestTargetID = 9C6DDD90255CB8FF00D09E71;
					};
				};
			};
			buildConfigurationList = 9C6DDD8C255CB8FF00D09E71 /* Build configuration list for PBXProject "002_Gacha_test" */;
			compatibilityVersion = "Xcode 9.3";
			developmentRegion = en;
			hasScannedForEncodings = 0;
			knownRegions = (
				en,
				Base,
			);
			mainGroup = 9C6DDD88255CB8FF00D09E71;
			productRefGroup = 9C6DDD92255CB8FF00D09E71 /* Products */;
			projectDirPath = "";
			projectRoot = "";
			targets = (
				9C6DDD90255CB8FF00D09E71 /* 002_Gacha_test */,
				9C6DDDA6255CB90400D09E71 /* 002_Gacha_testTests */,
				9C6DDDB1255CB90400D09E71 /* 002_Gacha_testUITests */,
			);
		};
/* End PBXProject section */

/* Begin PBXResourcesBuildPhase section */
		9C6DDD8F255CB8FF00D09E71 /* Resources */ = {
			isa = PBXResourcesBuildPhase;
			buildActionMask = 2147483647;
			files = (
				9C6DDDA1255CB90300D09E71 /* LaunchScreen.storyboard in Resources */,
				9C6DDD9E255CB90300D09E71 /* Assets.xcassets in Resources */,
				9C6DDD9C255CB8FF00D09E71 /* Main.storyboard in Resources */,
			);
			runOnlyForDeploymentPostprocessing = 0;
		};
		9C6DDDA5255CB90400D09E71 /* Resources */ = {
			isa = PBXResourcesBuildPhase;
			buildActionMask = 2147483647;
			files = (
			);
			runOnlyForDeploymentPostprocessing = 0;
		};
		9C6DDDB0255CB90400D09E71 /* Resources */ = {
			isa = PBXResourcesBuildPhase;
			buildActionMask = 2147483647;
			files = (
			);
			runOnlyForDeploymentPostprocessing = 0;
		};
/* End PBXResourcesBuildPhase section */

/* Begin PBXSourcesBuildPhase section */
		9C6DDD8D255CB8FF00D09E71 /* Sources */ = {
			isa = PBXSourcesBuildPhase;
			buildActionMask = 2147483647;
			files = (
				9C6DDD99255CB8FF00D09E71 /* ViewController.swift in Sources */,
				9C6DDD95255CB8FF00D09E71 /* AppDelegate.swift in Sources */,
				9C6DDD97255CB8FF00D09E71 /* SceneDelegate.swift in Sources */,
			);
			runOnlyForDeploymentPostprocessing = 0;
		};
		9C6DDDA3255CB90400D09E71 /* Sources */ = {
			isa = PBXSourcesBuildPhase;
			buildActionMask = 2147483647;
			files = (
				9C6DDDAC255CB90400D09E71 /* _02_Gacha_testTests.swift in Sources */,
			);
			runOnlyForDeploymentPostprocessing = 0;
		};
		9C6DDDAE255CB90400D09E71 /* Sources */ = {
			isa = PBXSourcesBuildPhase;
			buildActionMask = 2147483647;
			files = (
				9C6DDDB7255CB90400D09E71 /* _02_Gacha_testUITests.swift in Sources */,
			);
			runOnlyForDeploymentPostprocessing = 0;
		};
/* End PBXSourcesBuildPhase section */

/* Begin PBXTargetDependency section */
		9C6DDDA9255CB90400D09E71 /* PBXTargetDependency */ = {
			isa = PBXTargetDependency;
			target = 9C6DDD90255CB8FF00D09E71 /* 002_Gacha_test */;
			targetProxy = 9C6DDDA8255CB90400D09E71 /* PBXContainerItemProxy */;
		};
		9C6DDDB4255CB90400D09E71 /* PBXTargetDependency */ = {
			isa = PBXTargetDependency;
			target = 9C6DDD90255CB8FF00D09E71 /* 002_Gacha_test */;
			targetProxy = 9C6DDDB3255CB90400D09E71 /* PBXContainerItemProxy */;
		};
/* End PBXTargetDependency section */

/* Begin PBXVariantGroup section */
		9C6DDD9A255CB8FF00D09E71 /* Main.storyboard */ = {
			isa = PBXVariantGroup;
			children = (
				9C6DDD9B255CB8FF00D09E71 /* Base */,
			);
			name = Main.storyboard;
			sourceTree = "<group>";
		};
		9C6DDD9F255CB90300D09E71 /* LaunchScreen.storyboard */ = {
			isa = PBXVariantGroup;
			children = (
				9C6DDDA0255CB90300D09E71 /* Base */,
			);
			name = LaunchScreen.storyboard;
			sourceTree = "<group>";
		};
/* End PBXVariantGroup section */

/* Begin XCBuildConfiguration section */
		9C6DDDB9255CB90400D09E71 /* Debug */ = {
			isa = XCBuildConfiguration;
			buildSettings = {
				ALWAYS_SEARCH_USER_PATHS = NO;
				CLANG_ANALYZER_NONNULL = YES;
				CLANG_ANALYZER_NUMBER_OBJECT_CONVERSION = YES_AGGRESSIVE;
				CLANG_CXX_LANGUAGE_STANDARD = "gnu++14";
				CLANG_CXX_LIBRARY = "libc++";
				CLANG_ENABLE_MODULES = YES;
				CLANG_ENABLE_OBJC_ARC = YES;
				CLANG_ENABLE_OBJC_WEAK = YES;
				CLANG_WARN_BLOCK_CAPTURE_AUTORELEASING = YES;
				CLANG_WARN_BOOL_CONVERSION = YES;
				CLANG_WARN_COMMA = YES;
				CLANG_WARN_CONSTANT_CONVERSION = YES;
				CLANG_WARN_DEPRECATED_OBJC_IMPLEMENTATIONS = YES;
				CLANG_WARN_DIRECT_OBJC_ISA_USAGE = YES_ERROR;
				CLANG_WARN_DOCUMENTATION_COMMENTS = YES;
				CLANG_WARN_EMPTY_BODY = YES;
				CLANG_WARN_ENUM_CONVERSION = YES;
				CLANG_WARN_INFINITE_RECURSION = YES;
				CLANG_WARN_INT_CONVERSION = YES;
				CLANG_WARN_NON_LITERAL_NULL_CONVERSION = YES;
				CLANG_WARN_OBJC_IMPLICIT_RETAIN_SELF = YES;
				CLANG_WARN_OBJC_LITERAL_CONVERSION = YES;
				CLANG_WARN_OBJC_ROOT_CLASS = YES_ERROR;
				CLANG_WARN_QUOTED_INCLUDE_IN_FRAMEWORK_HEADER = YES;
				CLANG_WARN_RANGE_LOOP_ANALYSIS = YES;
				CLANG_WARN_STRICT_PROTOTYPES = YES;
				CLANG_WARN_SUSPICIOUS_MOVE = YES;
				CLANG_WARN_UNGUARDED_AVAILABILITY = YES_AGGRESSIVE;
				CLANG_WARN_UNREACHABLE_CODE = YES;
				CLANG_WARN__DUPLICATE_METHOD_MATCH = YES;
				COPY_PHASE_STRIP = NO;
				DEBUG_INFORMATION_FORMAT = dwarf;
				ENABLE_STRICT_OBJC_MSGSEND = YES;
				ENABLE_TESTABILITY = YES;
				GCC_C_LANGUAGE_STANDARD = gnu11;
				GCC_DYNAMIC_NO_PIC = NO;
				GCC_NO_COMMON_BLOCKS = YES;
				GCC_OPTIMIZATION_LEVEL = 0;
				GCC_PREPROCESSOR_DEFINITIONS = (
					"DEBUG=1",
					"$(inherited)",
				);
				GCC_WARN_64_TO_32_BIT_CONVERSION = YES;
				GCC_WARN_ABOUT_RETURN_TYPE = YES_ERROR;
				GCC_WARN_UNDECLARED_SELECTOR = YES;
				GCC_WARN_UNINITIALIZED_AUTOS = YES_AGGRESSIVE;
				GCC_WARN_UNUSED_FUNCTION = YES;
				GCC_WARN_UNUSED_VARIABLE = YES;
				IPHONEOS_DEPLOYMENT_TARGET = 14.1;
				MTL_ENABLE_DEBUG_INFO = INCLUDE_SOURCE;
				MTL_FAST_MATH = YES;
				ONLY_ACTIVE_ARCH = YES;
				SDKROOT = iphoneos;
				SWIFT_ACTIVE_COMPILATION_CONDITIONS = DEBUG;
				SWIFT_OPTIMIZATION_LEVEL = "-Onone";
			};
			name = Debug;
		};
		9C6DDDBA255CB90400D09E71 /* Release */ = {
			isa = XCBuildConfiguration;
			buildSettings = {
				ALWAYS_SEARCH_USER_PATHS = NO;
				CLANG_ANALYZER_NONNULL = YES;
				CLANG_ANALYZER_NUMBER_OBJECT_CONVERSION = YES_AGGRESSIVE;
				CLANG_CXX_LANGUAGE_STANDARD = "gnu++14";
				CLANG_CXX_LIBRARY = "libc++";
				CLANG_ENABLE_MODULES = YES;
				CLANG_ENABLE_OBJC_ARC = YES;
				CLANG_ENABLE_OBJC_WEAK = YES;
				CLANG_WARN_BLOCK_CAPTURE_AUTORELEASING = YES;
				CLANG_WARN_BOOL_CONVERSION = YES;
				CLANG_WARN_COMMA = YES;
				CLANG_WARN_CONSTANT_CONVERSION = YES;
				CLANG_WARN_DEPRECATED_OBJC_IMPLEMENTATIONS = YES;
				CLANG_WARN_DIRECT_OBJC_ISA_USAGE = YES_ERROR;
				CLANG_WARN_DOCUMENTATION_COMMENTS = YES;
				CLANG_WARN_EMPTY_BODY = YES;
				CLANG_WARN_ENUM_CONVERSION = YES;
				CLANG_WARN_INFINITE_RECURSION = YES;
				CLANG_WARN_INT_CONVERSION = YES;
				CLANG_WARN_NON_LITERAL_NULL_CONVERSION = YES;
				CLANG_WARN_OBJC_IMPLICIT_RETAIN_SELF = YES;
				CLANG_WARN_OBJC_LITERAL_CONVERSION = YES;
				CLANG_WARN_OBJC_ROOT_CLASS = YES_ERROR;
				CLANG_WARN_QUOTED_INCLUDE_IN_FRAMEWORK_HEADER = YES;
				CLANG_WARN_RANGE_LOOP_ANALYSIS = YES;
				CLANG_WARN_STRICT_PROTOTYPES = YES;
				CLANG_WARN_SUSPICIOUS_MOVE = YES;
				CLANG_WARN_UNGUARDED_AVAILABILITY = YES_AGGRESSIVE;
				CLANG_WARN_UNREACHABLE_CODE = YES;
				CLANG_WARN__DUPLICATE_METHOD_MATCH = YES;
				COPY_PHASE_STRIP = NO;
				DEBUG_INFORMATION_FORMAT = "dwarf-with-dsym";
				ENABLE_NS_ASSERTIONS = NO;
				ENABLE_STRICT_OBJC_MSGSEND = YES;
				GCC_C_LANGUAGE_STANDARD = gnu11;
				GCC_NO_COMMON_BLOCKS = YES;
				GCC_WARN_64_TO_32_BIT_CONVERSION = YES;
				GCC_WARN_ABOUT_RETURN_TYPE = YES_ERROR;
				GCC_WARN_UNDECLARED_SELECTOR = YES;
				GCC_WARN_UNINITIALIZED_AUTOS = YES_AGGRESSIVE;
				GCC_WARN_UNUSED_FUNCTION = YES;
				GCC_WARN_UNUSED_VARIABLE = YES;
				IPHONEOS_DEPLOYMENT_TARGET = 14.1;
				MTL_ENABLE_DEBUG_INFO = NO;
				MTL_FAST_MATH = YES;
				SDKROOT = iphoneos;
				SWIFT_COMPILATION_MODE = wholemodule;
				SWIFT_OPTIMIZATION_LEVEL = "-O";
				VALIDATE_PRODUCT = YES;
			};
			name = Release;
		};
		9C6DDDBC255CB90400D09E71 /* Debug */ = {
			isa = XCBuildConfiguration;
			buildSettings = {
				ASSETCATALOG_COMPILER_APPICON_NAME = AppIcon;
				ASSETCATALOG_COMPILER_GLOBAL_ACCENT_COLOR_NAME = AccentColor;
				CODE_SIGN_STYLE = Automatic;
				DEVELOPMENT_TEAM = 83B85M254B;
				INFOPLIST_FILE = 002_Gacha_test/Info.plist;
				LD_RUNPATH_SEARCH_PATHS = (
					"$(inherited)",
					"@executable_path/Frameworks",
				);
				PRODUCT_BUNDLE_IDENTIFIER = "app.matsushima.mukku.-02-Gacha-test";
				PRODUCT_NAME = "$(TARGET_NAME)";
				SWIFT_VERSION = 5.0;
				TARGETED_DEVICE_FAMILY = "1,2";
			};
			name = Debug;
		};
		9C6DDDBD255CB90400D09E71 /* Release */ = {
			isa = XCBuildConfiguration;
			buildSettings = {
				ASSETCATALOG_COMPILER_APPICON_NAME = AppIcon;
				ASSETCATALOG_COMPILER_GLOBAL_ACCENT_COLOR_NAME = AccentColor;
				CODE_SIGN_STYLE = Automatic;
				DEVELOPMENT_TEAM = 83B85M254B;
				INFOPLIST_FILE = 002_Gacha_test/Info.plist;
				LD_RUNPATH_SEARCH_PATHS = (
					"$(inherited)",
					"@executable_path/Frameworks",
				);
				PRODUCT_BUNDLE_IDENTIFIER = "app.matsushima.mukku.-02-Gacha-test";
				PRODUCT_NAME = "$(TARGET_NAME)";
				SWIFT_VERSION = 5.0;
				TARGETED_DEVICE_FAMILY = "1,2";
			};
			name = Release;
		};
		9C6DDDBF255CB90400D09E71 /* Debug */ = {
			isa = XCBuildConfiguration;
			buildSettings = {
				ALWAYS_EMBED_SWIFT_STANDARD_LIBRARIES = YES;
				BUNDLE_LOADER = "$(TEST_HOST)";
				CODE_SIGN_STYLE = Automatic;
				DEVELOPMENT_TEAM = 83B85M254B;
				INFOPLIST_FILE = 002_Gacha_testTests/Info.plist;
				IPHONEOS_DEPLOYMENT_TARGET = 14.1;
				LD_RUNPATH_SEARCH_PATHS = (
					"$(inherited)",
					"@executable_path/Frameworks",
					"@loader_path/Frameworks",
				);
				PRODUCT_BUNDLE_IDENTIFIER = "app.matsushima.mukku.-02-Gacha-testTests";
				PRODUCT_NAME = "$(TARGET_NAME)";
				SWIFT_VERSION = 5.0;
				TARGETED_DEVICE_FAMILY = "1,2";
				TEST_HOST = "$(BUILT_PRODUCTS_DIR)/002_Gacha_test.app/002_Gacha_test";
			};
			name = Debug;
		};
		9C6DDDC0255CB90400D09E71 /* Release */ = {
			isa = XCBuildConfiguration;
			buildSettings = {
				ALWAYS_EMBED_SWIFT_STANDARD_LIBRARIES = YES;
				BUNDLE_LOADER = "$(TEST_HOST)";
				CODE_SIGN_STYLE = Automatic;
				DEVELOPMENT_TEAM = 83B85M254B;
				INFOPLIST_FILE = 002_Gacha_testTests/Info.plist;
				IPHONEOS_DEPLOYMENT_TARGET = 14.1;
				LD_RUNPATH_SEARCH_PATHS = (
					"$(inherited)",
					"@executable_path/Frameworks",
					"@loader_path/Frameworks",
				);
				PRODUCT_BUNDLE_IDENTIFIER = "app.matsushima.mukku.-02-Gacha-testTests";
				PRODUCT_NAME = "$(TARGET_NAME)";
				SWIFT_VERSION = 5.0;
				TARGETED_DEVICE_FAMILY = "1,2";
				TEST_HOST = "$(BUILT_PRODUCTS_DIR)/002_Gacha_test.app/002_Gacha_test";
			};
			name = Release;
		};
		9C6DDDC2255CB90400D09E71 /* Debug */ = {
			isa = XCBuildConfiguration;
			buildSettings = {
				ALWAYS_EMBED_SWIFT_STANDARD_LIBRARIES = YES;
				CODE_SIGN_STYLE = Automatic;
				DEVELOPMENT_TEAM = 83B85M254B;
				INFOPLIST_FILE = 002_Gacha_testUITests/Info.plist;
				LD_RUNPATH_SEARCH_PATHS = (
					"$(inherited)",
					"@executable_path/Frameworks",
					"@loader_path/Frameworks",
				);
				PRODUCT_BUNDLE_IDENTIFIER = "app.matsushima.mukku.-02-Gacha-testUITests";
				PRODUCT_NAME = "$(TARGET_NAME)";
				SWIFT_VERSION = 5.0;
				TARGETED_DEVICE_FAMILY = "1,2";
				TEST_TARGET_NAME = 002_Gacha_test;
			};
			name = Debug;
		};
		9C6DDDC3255CB90400D09E71 /* Release */ = {
			isa = XCBuildConfiguration;
			buildSettings = {
				ALWAYS_EMBED_SWIFT_STANDARD_LIBRARIES = YES;
				CODE_SIGN_STYLE = Automatic;
				DEVELOPMENT_TEAM = 83B85M254B;
				INFOPLIST_FILE = 002_Gacha_testUITests/Info.plist;
				LD_RUNPATH_SEARCH_PATHS = (
					"$(inherited)",
					"@executable_path/Frameworks",
					"@loader_path/Frameworks",
				);
				PRODUCT_BUNDLE_IDENTIFIER = "app.matsushima.mukku.-02-Gacha-testUITests";
				PRODUCT_NAME = "$(TARGET_NAME)";
				SWIFT_VERSION = 5.0;
				TARGETED_DEVICE_FAMILY = "1,2";
				TEST_TARGET_NAME = 002_Gacha_test;
			};
			name = Release;
		};
/* End XCBuildConfiguration section */

/* Begin XCConfigurationList section */
		9C6DDD8C255CB8FF00D09E71 /* Build configuration list for PBXProject "002_Gacha_test" */ = {
			isa = XCConfigurationList;
			buildConfigurations = (
				9C6DDDB9255CB90400D09E71 /* Debug */,
				9C6DDDBA255CB90400D09E71 /* Release */,
			);
			defaultConfigurationIsVisible = 0;
			defaultConfigurationName = Release;
		};
		9C6DDDBB255CB90400D09E71 /* Build configuration list for PBXNativeTarget "002_Gacha_test" */ = {
			isa = XCConfigurationList;
			buildConfigurations = (
				9C6DDDBC255CB90400D09E71 /* Debug */,
				9C6DDDBD255CB90400D09E71 /* Release */,
			);
			defaultConfigurationIsVisible = 0;
			defaultConfigurationName = Release;
		};
		9C6DDDBE255CB90400D09E71 /* Build configuration list for PBXNativeTarget "002_Gacha_testTests" */ = {
			isa = XCConfigurationList;
			buildConfigurations = (
				9C6DDDBF255CB90400D09E71 /* Debug */,
				9C6DDDC0255CB90400D09E71 /* Release */,
			);
			defaultConfigurationIsVisible = 0;
			defaultConfigurationName = Release;
		};
		9C6DDDC1255CB90400D09E71 /* Build configuration list for PBXNativeTarget "002_Gacha_testUITests" */ = {
			isa = XCConfigurationList;
			buildConfigurations = (
				9C6DDDC2255CB90400D09E71 /* Debug */,
				9C6DDDC3255CB90400D09E71 /* Release */,
			);
			defaultConfigurationIsVisible = 0;
			defaultConfigurationName = Release;
		};
/* End XCConfigurationList section */
	};
	rootObject = 9C6DDD89255CB8FF00D09E71 /* Project object */;
}
